
Microsoft Visual Studio Solution File, Format Version 12.00
# Visual Studio 14
VisualStudioVersion = 14.0.25420.1
MinimumVisualStudioVersion = 10.0.40219.1
Project("{FAE04EC0-301F-11D3-BF4B-00C04F79EFBC}") = "SequenceAnalyzer", "SequenceAnalyzer\SequenceAnalyzer.csproj", "{139A6C65-202D-4CA4-AEC1-3421D22337D0}"
EndProject
Project("{FAE04EC0-301F-11D3-BF4B-00C04F79EFBC}") = "SequenceAnalyzer.Core", "SequenceAnalyzer.Core\SequenceAnalyzer.Core.csproj", "{19A037C5-CCA6-48A5-971B-364EF26FA659}"
EndProject
Global
	GlobalSection(SolutionConfigurationPlatforms) = preSolution
		Debug|Any CPU = Debug|Any CPU
		Release|Any CPU = Release|Any CPU
	EndGlobalSection
	GlobalSection(ProjectConfigurationPlatforms) = postSolution
		{139A6C65-202D-4CA4-AEC1-3421D22337D0}.Debug|Any CPU.ActiveCfg = Debug|Any CPU
		{139A6C65-202D-4CA4-AEC1-3421D22337D0}.Debug|Any CPU.Build.0 = Debug|Any CPU
		{139A6C65-202D-4CA4-AEC1-3421D22337D0}.Release|Any CPU.ActiveCfg = Release|Any CPU
		{139A6C65-202D-4CA4-AEC1-3421D22337D0}.Release|Any CPU.Build.0 = Release|Any CPU
		{19A037C5-CCA6-48A5-971B-364EF26FA659}.Debug|Any CPU.ActiveCfg = Debug|Any CPU
		{19A037C5-CCA6-48A5-971B-364EF26FA659}.Debug|Any CPU.Build.0 = Debug|Any CPU
		{19A037C5-CCA6-48A5-971B-364EF26FA659}.Release|Any CPU.ActiveCfg = Release|Any CPU
		{19A037C5-CCA6-48A5-971B-364EF26FA659}.Release|Any CPU.Build.0 = Release|Any CPU
	EndGlobalSection
	GlobalSection(SolutionProperties) = preSolution
		HideSolutionNode = FALSE
	EndGlobalSection
EndGlobal
